
Microsoft Visual Studio Solution File, Format Version 12.00
# Visual Studio Version 17
VisualStudioVersion = 17.3.32929.385
MinimumVisualStudioVersion = 10.0.40219.1
Project("{FAE04EC0-301F-11D3-BF4B-00C04F79EFBC}") = "ScreenLogger", "ScreenLogger.csproj", "{7CF546A6-017C-42B7-BA78-9608744FC4AA}"
EndProject
Project("{FAE04EC0-301F-11D3-BF4B-00C04F79EFBC}") = "PrtScApi", "..\PrtScApi\PrtScApi.csproj", "{7BF44C8A-7FA3-4791-B6C5-306A385D6792}"
EndProject
Project("{FAE04EC0-301F-11D3-BF4B-00C04F79EFBC}") = "PrtScModels", "..\PrtScModels\PrtScModels.csproj", "{0827A60D-7413-4A84-A180-6CB9450A3B98}"
EndProject
Global
	GlobalSection(SolutionConfigurationPlatforms) = preSolution
		Debug|Any CPU = Debug|Any CPU
		Release|Any CPU = Release|Any CPU
	EndGlobalSection
	GlobalSection(ProjectConfigurationPlatforms) = postSolution
		{7CF546A6-017C-42B7-BA78-9608744FC4AA}.Debug|Any CPU.ActiveCfg = Debug|Any CPU
		{7CF546A6-017C-42B7-BA78-9608744FC4AA}.Debug|Any CPU.Build.0 = Debug|Any CPU
		{7CF546A6-017C-42B7-BA78-9608744FC4AA}.Release|Any CPU.ActiveCfg = Release|Any CPU
		{7CF546A6-017C-42B7-BA78-9608744FC4AA}.Release|Any CPU.Build.0 = Release|Any CPU
		{7BF44C8A-7FA3-4791-B6C5-306A385D6792}.Debug|Any CPU.ActiveCfg = Debug|Any CPU
		{7BF44C8A-7FA3-4791-B6C5-306A385D6792}.Debug|Any CPU.Build.0 = Debug|Any CPU
		{7BF44C8A-7FA3-4791-B6C5-306A385D6792}.Release|Any CPU.ActiveCfg = Release|Any CPU
		{7BF44C8A-7FA3-4791-B6C5-306A385D6792}.Release|Any CPU.Build.0 = Release|Any CPU
		{0827A60D-7413-4A84-A180-6CB9450A3B98}.Debug|Any CPU.ActiveCfg = Debug|Any CPU
		{0827A60D-7413-4A84-A180-6CB9450A3B98}.Debug|Any CPU.Build.0 = Debug|Any CPU
		{0827A60D-7413-4A84-A180-6CB9450A3B98}.Release|Any CPU.ActiveCfg = Release|Any CPU
		{0827A60D-7413-4A84-A180-6CB9450A3B98}.Release|Any CPU.Build.0 = Release|Any CPU
	EndGlobalSection
	GlobalSection(SolutionProperties) = preSolution
		HideSolutionNode = FALSE
	EndGlobalSection
	GlobalSection(ExtensibilityGlobals) = postSolution
		SolutionGuid = {5F164854-C06D-4991-AA33-9619549B4857}
	EndGlobalSection
EndGlobal
